// !$*UTF8*$!
{
	archiveVersion = 1;
	classes = {
	};
	objectVersion = 56;
	objects = {

/* Begin PBXBuildFile section */
		EA3055D3297330D70058EEDA /* AppDelegate.swift in Sources */ = {isa = PBXBuildFile; fileRef = EA3055D2297330D70058EEDA /* AppDelegate.swift */; };
		EA3055D5297330D70058EEDA /* SceneDelegate.swift in Sources */ = {isa = PBXBuildFile; fileRef = EA3055D4297330D70058EEDA /* SceneDelegate.swift */; };
		EA3055D7297330D70058EEDA /* DefaultSLCViewController.swift in Sources */ = {isa = PBXBuildFile; fileRef = EA3055D6297330D70058EEDA /* DefaultSLCViewController.swift */; };
		EA3055DA297330D70058EEDA /* Main.storyboard in Resources */ = {isa = PBXBuildFile; fileRef = EA3055D8297330D70058EEDA /* Main.storyboard */; };
		EA3055DC297330D80058EEDA /* Assets.xcassets in Resources */ = {isa = PBXBuildFile; fileRef = EA3055DB297330D80058EEDA /* Assets.xcassets */; };
		EA3055DF297330D80058EEDA /* LaunchScreen.storyboard in Resources */ = {isa = PBXBuildFile; fileRef = EA3055DD297330D80058EEDA /* LaunchScreen.storyboard */; };
		EA3055EC297348430058EEDA /* StyledSLCViewController.swift in Sources */ = {isa = PBXBuildFile; fileRef = EA3055EB297348430058EEDA /* StyledSLCViewController.swift */; };
		EA9EE96829BA973800F9D30A /* SimpleLineChart in Frameworks */ = {isa = PBXBuildFile; productRef = EA9EE96729BA973800F9D30A /* SimpleLineChart */; };
/* End PBXBuildFile section */

/* Begin PBXFileReference section */
		EA3055CF297330D70058EEDA /* SLCExampleApp.app */ = {isa = PBXFileReference; explicitFileType = wrapper.application; includeInIndex = 0; path = SLCExampleApp.app; sourceTree = BUILT_PRODUCTS_DIR; };
		EA3055D2297330D70058EEDA /* AppDelegate.swift */ = {isa = PBXFileReference; lastKnownFileType = sourcecode.swift; path = AppDelegate.swift; sourceTree = "<group>"; };
		EA3055D4297330D70058EEDA /* SceneDelegate.swift */ = {isa = PBXFileReference; lastKnownFileType = sourcecode.swift; path = SceneDelegate.swift; sourceTree = "<group>"; };
		EA3055D6297330D70058EEDA /* DefaultSLCViewController.swift */ = {isa = PBXFileReference; lastKnownFileType = sourcecode.swift; path = DefaultSLCViewController.swift; sourceTree = "<group>"; };
		EA3055D9297330D70058EEDA /* Base */ = {isa = PBXFileReference; lastKnownFileType = file.storyboard; name = Base; path = Base.lproj/Main.storyboard; sourceTree = "<group>"; };
		EA3055DB297330D80058EEDA /* Assets.xcassets */ = {isa = PBXFileReference; lastKnownFileType = folder.assetcatalog; path = Assets.xcassets; sourceTree = "<group>"; };
		EA3055DE297330D80058EEDA /* Base */ = {isa = PBXFileReference; lastKnownFileType = file.storyboard; name = Base; path = Base.lproj/LaunchScreen.storyboard; sourceTree = "<group>"; };
		EA3055E0297330D80058EEDA /* Info.plist */ = {isa = PBXFileReference; lastKnownFileType = text.plist.xml; path = Info.plist; sourceTree = "<group>"; };
		EA3055EB297348430058EEDA /* StyledSLCViewController.swift */ = {isa = PBXFileReference; lastKnownFileType = sourcecode.swift; path = StyledSLCViewController.swift; sourceTree = "<group>"; };
/* End PBXFileReference section */

/* Begin PBXFrameworksBuildPhase section */
		EA3055CC297330D70058EEDA /* Frameworks */ = {
			isa = PBXFrameworksBuildPhase;
			buildActionMask = 2147483647;
			files = (
				EA9EE96829BA973800F9D30A /* SimpleLineChart in Frameworks */,
			);
			runOnlyForDeploymentPostprocessing = 0;
		};
/* End PBXFrameworksBuildPhase section */

/* Begin PBXGroup section */
		EA3055C6297330D70058EEDA = {
			isa = PBXGroup;
			children = (
				EA3055D1297330D70058EEDA /* SLCExampleApp */,
				EA3055D0297330D70058EEDA /* Products */,
			);
			sourceTree = "<group>";
		};
		EA3055D0297330D70058EEDA /* Products */ = {
			isa = PBXGroup;
			children = (
				EA3055CF297330D70058EEDA /* SLCExampleApp.app */,
			);
			name = Products;
			sourceTree = "<group>";
		};
		EA3055D1297330D70058EEDA /* SLCExampleApp */ = {
			isa = PBXGroup;
			children = (
				EA3055D2297330D70058EEDA /* AppDelegate.swift */,
				EA3055D4297330D70058EEDA /* SceneDelegate.swift */,
				EA3055D6297330D70058EEDA /* DefaultSLCViewController.swift */,
				EA3055EB297348430058EEDA /* StyledSLCViewController.swift */,
				EA3055D8297330D70058EEDA /* Main.storyboard */,
				EA3055DD297330D80058EEDA /* LaunchScreen.storyboard */,
				EA3055DB297330D80058EEDA /* Assets.xcassets */,
				EA3055E0297330D80058EEDA /* Info.plist */,
			);
			path = SLCExampleApp;
			sourceTree = "<group>";
		};
/* End PBXGroup section */

/* Begin PBXNativeTarget section */
		EA3055CE297330D70058EEDA /* SLCExampleApp */ = {
			isa = PBXNativeTarget;
			buildConfigurationList = EA3055E3297330D80058EEDA /* Build configuration list for PBXNativeTarget "SLCExampleApp" */;
			buildPhases = (
				EA3055CB297330D70058EEDA /* Sources */,
				EA3055CC297330D70058EEDA /* Frameworks */,
				EA3055CD297330D70058EEDA /* Resources */,
			);
			buildRules = (
			);
			dependencies = (
			);
			name = SLCExampleApp;
			packageProductDependencies = (
				EA9EE96729BA973800F9D30A /* SimpleLineChart */,
			);
			productName = SLCExampleApp;
			productReference = EA3055CF297330D70058EEDA /* SLCExampleApp.app */;
			productType = "com.apple.product-type.application";
		};
/* End PBXNativeTarget section */

/* Begin PBXProject section */
		EA3055C7297330D70058EEDA /* Project object */ = {
			isa = PBXProject;
			attributes = {
				BuildIndependentTargetsInParallel = 1;
				LastSwiftUpdateCheck = 1420;
				LastUpgradeCheck = 1420;
				TargetAttributes = {
					EA3055CE297330D70058EEDA = {
						CreatedOnToolsVersion = 14.2;
					};
				};
			};
			buildConfigurationList = EA3055CA297330D70058EEDA /* Build configuration list for PBXProject "SLCExampleApp" */;
			compatibilityVersion = "Xcode 14.0";
			developmentRegion = en;
			hasScannedForEncodings = 0;
			knownRegions = (
				en,
				Base,
			);
			mainGroup = EA3055C6297330D70058EEDA;
			packageReferences = (
				EA9EE96629BA973800F9D30A /* XCRemoteSwiftPackageReference "SimpleLineChart" */,
			);
			productRefGroup = EA3055D0297330D70058EEDA /* Products */;
			projectDirPath = "";
			projectRoot = "";
			targets = (
				EA3055CE297330D70058EEDA /* SLCExampleApp */,
			);
		};
/* End PBXProject section */

/* Begin PBXResourcesBuildPhase section */
		EA3055CD297330D70058EEDA /* Resources */ = {
			isa = PBXResourcesBuildPhase;
			buildActionMask = 2147483647;
			files = (
				EA3055DF297330D80058EEDA /* LaunchScreen.storyboard in Resources */,
				EA3055DC297330D80058EEDA /* Assets.xcassets in Resources */,
				EA3055DA297330D70058EEDA /* Main.storyboard in Resources */,
			);
			runOnlyForDeploymentPostprocessing = 0;
		};
/* End PBXResourcesBuildPhase section */

/* Begin PBXSourcesBuildPhase section */
		EA3055CB297330D70058EEDA /* Sources */ = {
			isa = PBXSourcesBuildPhase;
			buildActionMask = 2147483647;
			files = (
				EA3055D7297330D70058EEDA /* DefaultSLCViewController.swift in Sources */,
				EA3055D3297330D70058EEDA /* AppDelegate.swift in Sources */,
				EA3055EC297348430058EEDA /* StyledSLCViewController.swift in Sources */,
				EA3055D5297330D70058EEDA /* SceneDelegate.swift in Sources */,
			);
			runOnlyForDeploymentPostprocessing = 0;
		};
/* End PBXSourcesBuildPhase section */

/* Begin PBXVariantGroup section */
		EA3055D8297330D70058EEDA /* Main.storyboard */ = {
			isa = PBXVariantGroup;
			children = (
				EA3055D9297330D70058EEDA /* Base */,
			);
			name = Main.storyboard;
			sourceTree = "<group>";
		};
		EA3055DD297330D80058EEDA /* LaunchScreen.storyboard */ = {
			isa = PBXVariantGroup;
			children = (
				EA3055DE297330D80058EEDA /* Base */,
			);
			name = LaunchScreen.storyboard;
			sourceTree = "<group>";
		};
/* End PBXVariantGroup section */

/* Begin XCBuildConfiguration section */
		EA3055E1297330D80058EEDA /* Debug */ = {
			isa = XCBuildConfiguration;
			buildSettings = {
				ALWAYS_SEARCH_USER_PATHS = NO;
				CLANG_ANALYZER_NONNULL = YES;
				CLANG_ANALYZER_NUMBER_OBJECT_CONVERSION = YES_AGGRESSIVE;
				CLANG_CXX_LANGUAGE_STANDARD = "gnu++20";
				CLANG_ENABLE_MODULES = YES;
				CLANG_ENABLE_OBJC_ARC = YES;
				CLANG_ENABLE_OBJC_WEAK = YES;
				CLANG_WARN_BLOCK_CAPTURE_AUTORELEASING = YES;
				CLANG_WARN_BOOL_CONVERSION = YES;
				CLANG_WARN_COMMA = YES;
				CLANG_WARN_CONSTANT_CONVERSION = YES;
				CLANG_WARN_DEPRECATED_OBJC_IMPLEMENTATIONS = YES;
				CLANG_WARN_DIRECT_OBJC_ISA_USAGE = YES_ERROR;
				CLANG_WARN_DOCUMENTATION_COMMENTS = YES;
				CLANG_WARN_EMPTY_BODY = YES;
				CLANG_WARN_ENUM_CONVERSION = YES;
				CLANG_WARN_INFINITE_RECURSION = YES;
				CLANG_WARN_INT_CONVERSION = YES;
				CLANG_WARN_NON_LITERAL_NULL_CONVERSION = YES;
				CLANG_WARN_OBJC_IMPLICIT_RETAIN_SELF = YES;
				CLANG_WARN_OBJC_LITERAL_CONVERSION = YES;
				CLANG_WARN_OBJC_ROOT_CLASS = YES_ERROR;
				CLANG_WARN_QUOTED_INCLUDE_IN_FRAMEWORK_HEADER = YES;
				CLANG_WARN_RANGE_LOOP_ANALYSIS = YES;
				CLANG_WARN_STRICT_PROTOTYPES = YES;
				CLANG_WARN_SUSPICIOUS_MOVE = YES;
				CLANG_WARN_UNGUARDED_AVAILABILITY = YES_AGGRESSIVE;
				CLANG_WARN_UNREACHABLE_CODE = YES;
				CLANG_WARN__DUPLICATE_METHOD_MATCH = YES;
				COPY_PHASE_STRIP = NO;
				DEBUG_INFORMATION_FORMAT = dwarf;
				ENABLE_STRICT_OBJC_MSGSEND = YES;
				ENABLE_TESTABILITY = YES;
				GCC_C_LANGUAGE_STANDARD = gnu11;
				GCC_DYNAMIC_NO_PIC = NO;
				GCC_NO_COMMON_BLOCKS = YES;
				GCC_OPTIMIZATION_LEVEL = 0;
				GCC_PREPROCESSOR_DEFINITIONS = (
					"DEBUG=1",
					"$(inherited)",
				);
				GCC_WARN_64_TO_32_BIT_CONVERSION = YES;
				GCC_WARN_ABOUT_RETURN_TYPE = YES_ERROR;
				GCC_WARN_UNDECLARED_SELECTOR = YES;
				GCC_WARN_UNINITIALIZED_AUTOS = YES_AGGRESSIVE;
				GCC_WARN_UNUSED_FUNCTION = YES;
				GCC_WARN_UNUSED_VARIABLE = YES;
				IPHONEOS_DEPLOYMENT_TARGET = 16.2;
				MTL_ENABLE_DEBUG_INFO = INCLUDE_SOURCE;
				MTL_FAST_MATH = YES;
				ONLY_ACTIVE_ARCH = YES;
				SDKROOT = iphoneos;
				SWIFT_ACTIVE_COMPILATION_CONDITIONS = DEBUG;
				SWIFT_OPTIMIZATION_LEVEL = "-Onone";
			};
			name = Debug;
		};
		EA3055E2297330D80058EEDA /* Release */ = {
			isa = XCBuildConfiguration;
			buildSettings = {
				ALWAYS_SEARCH_USER_PATHS = NO;
				CLANG_ANALYZER_NONNULL = YES;
				CLANG_ANALYZER_NUMBER_OBJECT_CONVERSION = YES_AGGRESSIVE;
				CLANG_CXX_LANGUAGE_STANDARD = "gnu++20";
				CLANG_ENABLE_MODULES = YES;
				CLANG_ENABLE_OBJC_ARC = YES;
				CLANG_ENABLE_OBJC_WEAK = YES;
				CLANG_WARN_BLOCK_CAPTURE_AUTORELEASING = YES;
				CLANG_WARN_BOOL_CONVERSION = YES;
				CLANG_WARN_COMMA = YES;
				CLANG_WARN_CONSTANT_CONVERSION = YES;
				CLANG_WARN_DEPRECATED_OBJC_IMPLEMENTATIONS = YES;
				CLANG_WARN_DIRECT_OBJC_ISA_USAGE = YES_ERROR;
				CLANG_WARN_DOCUMENTATION_COMMENTS = YES;
				CLANG_WARN_EMPTY_BODY = YES;
				CLANG_WARN_ENUM_CONVERSION = YES;
				CLANG_WARN_INFINITE_RECURSION = YES;
				CLANG_WARN_INT_CONVERSION = YES;
				CLANG_WARN_NON_LITERAL_NULL_CONVERSION = YES;
				CLANG_WARN_OBJC_IMPLICIT_RETAIN_SELF = YES;
				CLANG_WARN_OBJC_LITERAL_CONVERSION = YES;
				CLANG_WARN_OBJC_ROOT_CLASS = YES_ERROR;
				CLANG_WARN_QUOTED_INCLUDE_IN_FRAMEWORK_HEADER = YES;
				CLANG_WARN_RANGE_LOOP_ANALYSIS = YES;
				CLANG_WARN_STRICT_PROTOTYPES = YES;
				CLANG_WARN_SUSPICIOUS_MOVE = YES;
				CLANG_WARN_UNGUARDED_AVAILABILITY = YES_AGGRESSIVE;
				CLANG_WARN_UNREACHABLE_CODE = YES;
				CLANG_WARN__DUPLICATE_METHOD_MATCH = YES;
				COPY_PHASE_STRIP = NO;
				DEBUG_INFORMATION_FORMAT = "dwarf-with-dsym";
				ENABLE_NS_ASSERTIONS = NO;
				ENABLE_STRICT_OBJC_MSGSEND = YES;
				GCC_C_LANGUAGE_STANDARD = gnu11;
				GCC_NO_COMMON_BLOCKS = YES;
				GCC_WARN_64_TO_32_BIT_CONVERSION = YES;
				GCC_WARN_ABOUT_RETURN_TYPE = YES_ERROR;
				GCC_WARN_UNDECLARED_SELECTOR = YES;
				GCC_WARN_UNINITIALIZED_AUTOS = YES_AGGRESSIVE;
				GCC_WARN_UNUSED_FUNCTION = YES;
				GCC_WARN_UNUSED_VARIABLE = YES;
				IPHONEOS_DEPLOYMENT_TARGET = 16.2;
				MTL_ENABLE_DEBUG_INFO = NO;
				MTL_FAST_MATH = YES;
				SDKROOT = iphoneos;
				SWIFT_COMPILATION_MODE = wholemodule;
				SWIFT_OPTIMIZATION_LEVEL = "-O";
				VALIDATE_PRODUCT = YES;
			};
			name = Release;
		};
		EA3055E4297330D80058EEDA /* Debug */ = {
			isa = XCBuildConfiguration;
			buildSettings = {
				ASSETCATALOG_COMPILER_APPICON_NAME = AppIcon;
				ASSETCATALOG_COMPILER_GLOBAL_ACCENT_COLOR_NAME = AccentColor;
				CODE_SIGN_STYLE = Automatic;
				CURRENT_PROJECT_VERSION = 1;
				DEVELOPMENT_TEAM = 384JVVGP7X;
				GENERATE_INFOPLIST_FILE = YES;
				INFOPLIST_FILE = SLCExampleApp/Info.plist;
				INFOPLIST_KEY_UIApplicationSupportsIndirectInputEvents = YES;
				INFOPLIST_KEY_UILaunchStoryboardName = LaunchScreen;
				INFOPLIST_KEY_UIMainStoryboardFile = Main;
				INFOPLIST_KEY_UISupportedInterfaceOrientations_iPad = "UIInterfaceOrientationPortrait UIInterfaceOrientationPortraitUpsideDown UIInterfaceOrientationLandscapeLeft UIInterfaceOrientationLandscapeRight";
				INFOPLIST_KEY_UISupportedInterfaceOrientations_iPhone = "UIInterfaceOrientationPortrait UIInterfaceOrientationLandscapeLeft UIInterfaceOrientationLandscapeRight";
				LD_RUNPATH_SEARCH_PATHS = (
					"$(inherited)",
					"@executable_path/Frameworks",
				);
				MARKETING_VERSION = 1.0;
				PRODUCT_BUNDLE_IDENTIFIER = app.augarte.SLCExampleApp;
				PRODUCT_NAME = "$(TARGET_NAME)";
				SUPPORTED_PLATFORMS = "iphoneos iphonesimulator";
				SUPPORTS_MACCATALYST = NO;
				SUPPORTS_MAC_DESIGNED_FOR_IPHONE_IPAD = NO;
				SWIFT_EMIT_LOC_STRINGS = YES;
				SWIFT_VERSION = 5.0;
				TARGETED_DEVICE_FAMILY = "1,2";
			};
			name = Debug;
		};
		EA3055E5297330D80058EEDA /* Release */ = {
			isa = XCBuildConfiguration;
			buildSettings = {
				ASSETCATALOG_COMPILER_APPICON_NAME = AppIcon;
				ASSETCATALOG_COMPILER_GLOBAL_ACCENT_COLOR_NAME = AccentColor;
				CODE_SIGN_STYLE = Automatic;
				CURRENT_PROJECT_VERSION = 1;
				DEVELOPMENT_TEAM = 384JVVGP7X;
				GENERATE_INFOPLIST_FILE = YES;
				INFOPLIST_FILE = SLCExampleApp/Info.plist;
				INFOPLIST_KEY_UIApplicationSupportsIndirectInputEvents = YES;
				INFOPLIST_KEY_UILaunchStoryboardName = LaunchScreen;
				INFOPLIST_KEY_UIMainStoryboardFile = Main;
				INFOPLIST_KEY_UISupportedInterfaceOrientations_iPad = "UIInterfaceOrientationPortrait UIInterfaceOrientationPortraitUpsideDown UIInterfaceOrientationLandscapeLeft UIInterfaceOrientationLandscapeRight";
				INFOPLIST_KEY_UISupportedInterfaceOrientations_iPhone = "UIInterfaceOrientationPortrait UIInterfaceOrientationLandscapeLeft UIInterfaceOrientationLandscapeRight";
				LD_RUNPATH_SEARCH_PATHS = (
					"$(inherited)",
					"@executable_path/Frameworks",
				);
				MARKETING_VERSION = 1.0;
				PRODUCT_BUNDLE_IDENTIFIER = app.augarte.SLCExampleApp;
				PRODUCT_NAME = "$(TARGET_NAME)";
				SUPPORTED_PLATFORMS = "iphoneos iphonesimulator";
				SUPPORTS_MACCATALYST = NO;
				SUPPORTS_MAC_DESIGNED_FOR_IPHONE_IPAD = NO;
				SWIFT_EMIT_LOC_STRINGS = YES;
				SWIFT_VERSION = 5.0;
				TARGETED_DEVICE_FAMILY = "1,2";
			};
			name = Release;
		};
/* End XCBuildConfiguration section */

/* Begin XCConfigurationList section */
		EA3055CA297330D70058EEDA /* Build configuration list for PBXProject "SLCExampleApp" */ = {
			isa = XCConfigurationList;
			buildConfigurations = (
				EA3055E1297330D80058EEDA /* Debug */,
				EA3055E2297330D80058EEDA /* Release */,
			);
			defaultConfigurationIsVisible = 0;
			defaultConfigurationName = Release;
		};
		EA3055E3297330D80058EEDA /* Build configuration list for PBXNativeTarget "SLCExampleApp" */ = {
			isa = XCConfigurationList;
			buildConfigurations = (
				EA3055E4297330D80058EEDA /* Debug */,
				EA3055E5297330D80058EEDA /* Release */,
			);
			defaultConfigurationIsVisible = 0;
			defaultConfigurationName = Release;
		};
/* End XCConfigurationList section */

/* Begin XCRemoteSwiftPackageReference section */
		EA9EE96629BA973800F9D30A /* XCRemoteSwiftPackageReference "SimpleLineChart" */ = {
			isa = XCRemoteSwiftPackageReference;
			repositoryURL = "https://github.com/augarte/SimpleLineChart.git";
			requirement = {
				kind = exactVersion;
				version = 0.0.2;
			};
		};
/* End XCRemoteSwiftPackageReference section */

/* Begin XCSwiftPackageProductDependency section */
		EA9EE96729BA973800F9D30A /* SimpleLineChart */ = {
			isa = XCSwiftPackageProductDependency;
			package = EA9EE96629BA973800F9D30A /* XCRemoteSwiftPackageReference "SimpleLineChart" */;
			productName = SimpleLineChart;
		};
/* End XCSwiftPackageProductDependency section */
	};
	rootObject = EA3055C7297330D70058EEDA /* Project object */;
}
